git.sr.ht/~jackmordaunt/go-toast/v2 v2.0.3 h1:N3IGoHHp9pb6mj1cbXbuaSXV/UMKwmbKLf53nQmtqMA=
git.sr.ht/~jackmordaunt/go-toast/v2 v2.0.3/go.mod h1:QtOLZGz8olr4qH2vWK0QH0w0O4T9fEIjMuWpKUsH7nc=
github.com/bep/debounce v1.2.1 h1:v67fRdBA9UQu2NhLFXrSg0Brw7CexQekrBwDMM8bzeY=
github.com/bep/debounce v1.2.1/go.mod h1:H8yggRPQKLUhUoqrJC1bO2xNya7vanpDl7xR3ISbCJ0=
github.com/davecgh/go-spew v1.1.0/go.mod h1:J7Y8YcW2NihsgmVo/mv3lAwl/skON4iLHjSsI+c5H38=
github.com/davecgh/go-spew v1.1.1 h1:vj9j/u1bqnvCEfJOwUhtlOARqs3+rkHYY13jYWTU97c=
github.com/davecgh/go-spew v1.1.1/go.mod h1:J7Y8YcW2NihsgmVo/mv3lAwl/skON4iLHjSsI+c5H38=
github.com/disintegration/imaging v1.6.2 h1:w1LecBlG2Lnp8B3jk5zSuNqd7b4DXhcjwek1ei82L+c=
github.com/disintegration/imaging v1.6.2/go.mod h1:44/5580QXChDfwIclfc/PCwrr44amcmDAg8hxG0Ewe4=
github.com/ebitengine/purego v0.9.1 h1:a/k2f2HQU3Pi399RPW1MOaZyhKJL9w/xFpKAg4q1s0A=
github.com/ebitengine/purego v0.9.1/go.mod h1:iIjxzd6CiRiOG0UyXP+V1+jWqUXVjPKLAI0mRfJZTmQ=
github.com/go-ole/go-ole v1.2.6/go.mod h1:pprOEPIfldk/42T2oK7lQ4v4JSDwmV0As9GaiUsvbm0=
github.com/go-ole/go-ole v1.3.0 h1:Dt6ye7+vXGIKZ7Xtk4s6/xVdGDQynvom7xCFEdWr6uE=
github.com/go-ole/go-ole v1.3.0/go.mod h1:5LS6F96DhAwUc7C+1HLexzMXY1xGRSryjyPPKW6zv78=
github.com/godbus/dbus/v5 v5.1.0 h1:4KLkAxT3aOY8Li4FRJe/KvhoNFFxo0m6fNuFUO8QJUk=
github.com/godbus/dbus/v5 v5.1.0/go.mod h1:xhWf0FNVPg57R7Z0UbKHbJfkEywrmjJnf7w5xrFpKfA=
github.com/google/go-cmp v0.5.2/go.mod h1:v8dTdLbMG2kIc/vJvl+f65V22dbkXbowE6jgT/gNBxE=
github.com/google/go-cmp v0.5.6/go.mod h1:v8dTdLbMG2kIc/vJvl+f65V22dbkXbowE6jgT/gNBxE=
github.com/google/go-cmp v0.7.0 h1:wk8382ETsv4JYUZwIsn6YpYiWiBsYLSJiTsyBybVuN8=
github.com/google/go-cmp v0.7.0/go.mod h1:pXiqmnSA92OHEEa9HXL2W4E7lf9JzCmGVUdgjX3N/iU=
github.com/google/go-github/v68 v68.0.0 h1:ZW57zeNZiXTdQ16qrDiZ0k6XucrxZ2CGmoTvcCyQG6s=
github.com/google/go-github/v68 v68.0.0/go.mod h1:K9HAUBovM2sLwM408A18h+wd9vqdLOEqTUCbnRIcx68=
github.com/google/go-querystring v1.1.0 h1:AnCroh3fv4ZBgVIf1Iwtovgjaw/GiKJo8M8yD/fhyJ8=
github.com/google/go-querystring v1.1.0/go.mod h1:Kcdr2DB4koayq7X8pmAG4sNG59So17icRSOU623lUBU=
github.com/google/gofuzz v1.0.0/go.mod h1:dBl0BpW6vV/+mYPU4Po3pmUjxk6FQPldtuIdl/M65Eg=
github.com/google/uuid v1.6.0 h1:NIvaJDMOsjHA8n1jAhLSgzrAzy1Hgr+hNrb57e+94F0=
github.com/google/uuid v1.6.0/go.mod h1:TIyPZe4MgqvfeYDBFedMoGGpEw/LqOeaOT+nhxU+yHo=
github.com/gorilla/websocket v1.5.3 h1:saDtZ6Pbx/0u+bgYQ3q96pZgCzfhKXGPqt7kZ72aNNg=
github.com/gorilla/websocket v1.5.3/go.mod h1:YR8l580nyteQvAITg2hZ9XVh4b55+EU/adAjf1fMHhE=
github.com/gpustack/gguf-parser-go v0.24.0 h1:tdJceXYp9e5RhE9RwVYIuUpir72Jz2D68NEtDXkKCKc=
github.com/gpustack/gguf-parser-go v0.24.0/go.mod h1:y4TwTtDqFWTK+xvprOjRUh+dowgU2TKCX37vRKvGiZ0=
github.com/henvic/httpretty v0.1.4 h1:Jo7uwIRWVFxkqOnErcoYfH90o3ddQyVrSANeS4cxYmU=
github.com/henvic/httpretty v0.1.4/go.mod h1:Dn60sQTZfbt2dYsdUSNsCljyF4AfdqnuJFDLJA1I4AM=
github.com/jchv/go-winloader v0.0.0-20210711035445-715c2860da7e h1:Q3+PugElBCf4PFpxhErSzU3/PY5sFL5Z6rfv4AbGAck=
github.com/jchv/go-winloader v0.0.0-20210711035445-715c2860da7e/go.mod h1:alcuEEnZsY1WQsagKhZDsoPCRoOijYqhZvPwLG0kzVs=
github.com/json-iterator/go v1.1.12 h1:PV8peI4a0ysnczrg+LtxykD8LfKY9ML6u2jnxaEnrnM=
github.com/json-iterator/go v1.1.12/go.mod h1:e30LSqwooZae/UwlEbR2852Gd8hjQvJoHmT4TnhNGBo=
github.com/jupiterrider/ffi v0.5.1 h1:l7ANXU+Ex33LilVa283HNaf/sTzCrrht7D05k6T6nlc=
github.com/jupiterrider/ffi v0.5.1/go.mod h1:x7xdNKo8h0AmLuXfswDUBxUsd2OqUP4ekC8sCnsmbvo=
github.com/labstack/echo/v4 v4.13.3 h1:pwhpCPrTl5qry5HRdM5FwdXnhXSLSY+WE+YQSeCaafY=
github.com/labstack/echo/v4 v4.13.3/go.mod h1:o90YNEeQWjDozo584l7AwhJMHN0bOC4tAfg+Xox9q5g=
github.com/labstack/gommon v0.4.2 h1:F8qTUNXgG1+6WQmqoUWnz8WiEU60mXVVw0P4ht1WRA0=
github.com/labstack/gommon v0.4.2/go.mod h1:QlUFxVM+SNXhDL/Z7YhocGIBYOiwB0mXm1+1bAPHPyU=
github.com/leaanthony/debme v1.2.1 h1:9Tgwf+kjcrbMQ4WnPcEIUcQuIZYqdWftzZkBr+i/oOc=
github.com/leaanthony/debme v1.2.1/go.mod h1:3V+sCm5tYAgQymvSOfYQ5Xx2JCr+OXiD9Jkw3otUjiA=
github.com/leaanthony/go-ansi-parser v1.6.1 h1:xd8bzARK3dErqkPFtoF9F3/HgN8UQk0ed1YDKpEz01A=
github.com/leaanthony/go-ansi-parser v1.6.1/go.mod h1:+vva/2y4alzVmmIEpk9QDhA7vLC5zKDTRwfZGOp3IWU=
github.com/leaanthony/gosod v1.0.4 h1:YLAbVyd591MRffDgxUOU1NwLhT9T1/YiwjKZpkNFeaI=
github.com/leaanthony/gosod v1.0.4/go.mod h1:GKuIL0zzPj3O1SdWQOdgURSuhkF+Urizzxh26t9f1cw=
github.com/leaanthony/slicer v1.6.0 h1:1RFP5uiPJvT93TAHi+ipd3NACobkW53yUiBqZheE/Js=
github.com/leaanthony/slicer v1.6.0/go.mod h1:o/Iz29g7LN0GqH3aMjWAe90381nyZlDNquK+mtH2Fj8=
github.com/leaanthony/u v1.1.1 h1:TUFjwDGlNX+WuwVEzDqQwC2lOv0P4uhTQw7CMFdiK7M=
github.com/leaanthony/u v1.1.1/go.mod h1:9+o6hejoRljvZ3BzdYlVL0JYCwtnAsVuN9pVTQcaRfI=
github.com/lufia/plan9stats v0.0.0-20211012122336-39d0f177ccd0 h1:6E+4a0GO5zZEnZ81pIr0yLvtUWk2if982qA3F3QD6H4=
github.com/lufia/plan9stats v0.0.0-20211012122336-39d0f177ccd0/go.mod h1:zJYVVT2jmtg6P3p1VtQj7WsuWi/y4VnjVBn7F8KPB3I=
github.com/matryer/is v1.4.0/go.mod h1:8I/i5uYgLzgsgEloJE1U6xx5HkBQpAZvepWuujKwMRU=
github.com/matryer/is v1.4.1 h1:55ehd8zaGABKLXQUe2awZ99BD/PTc2ls+KV/dXphgEQ=
github.com/matryer/is v1.4.1/go.mod h1:8I/i5uYgLzgsgEloJE1U6xx5HkBQpAZvepWuujKwMRU=
github.com/mattn/go-colorable v0.1.13 h1:fFA4WZxdEF4tXPZVKMLwD8oUnCTTo08duU7wxecdEvA=
github.com/mattn/go-colorable v0.1.13/go.mod h1:7S9/ev0klgBDR4GtXTXX8a3vIGJpMovkB8vQcUbaXHg=
github.com/mattn/go-isatty v0.0.16/go.mod h1:kYGgaQfpe5nmfYZH+SKPsOc2e4SrIfOl2e/yFXSvRLM=
github.com/mattn/go-isatty v0.0.20 h1:xfD0iDuEKnDkl03q4limB+vH+GxLEtL/jb4xVJSWWEY=
github.com/mattn/go-isatty v0.0.20/go.mod h1:W+V8PltTTMOvKvAeJH7IuucS94S2C6jfK/D7dTCTo3Y=
github.com/modern-go/concurrent v0.0.0-20180228061459-e0a39a4cb421/go.mod h1:6dJC0mAP4ikYIbvyc7fijjWJddQyLn8Ig3JB5CqoB9Q=
github.com/modern-go/concurrent v0.0.0-20180306012644-bacd9c7ef1dd h1:TRLaZ9cD/w8PVh93nsPXa1VrQ6jlwL5oN8l14QlcNfg=
github.com/modern-go/concurrent v0.0.0-20180306012644-bacd9c7ef1dd/go.mod h1:6dJC0mAP4ikYIbvyc7fijjWJddQyLn8Ig3JB5CqoB9Q=
github.com/modern-go/reflect2 v1.0.2 h1:xBagoLtFs94CBntxluKeaWgTMpvLxC4ur3nMaC9Gz0M=
github.com/modern-go/reflect2 v1.0.2/go.mod h1:yWuevngMOJpCy52FWWMvUC8ws7m/LJsjYzDa0/r8luk=
github.com/pkg/browser v0.0.0-20240102092130-5ac0b6a4141c h1:+mdjkGKdHQG3305AYmdv1U2eRNDiU2ErMBj1gwrq8eQ=
github.com/pkg/browser v0.0.0-20240102092130-5ac0b6a4141c/go.mod h1:7rwL4CYBLnjLxUqIJNnCWiEdr3bn6IUYi15bNlnbCCU=
github.com/pkg/errors v0.9.1 h1:FEBLx1zS214owpjy7qsBeixbURkuhQAwrK5UwLGTwt4=
github.com/pkg/errors v0.9.1/go.mod h1:bwawxfHBFNV+L2hUp1rHADufV3IMtnDRdf1r5NINEl0=
github.com/pmezard/go-difflib v1.0.0 h1:4DBwDE0NGyQoBHbLQYPwSUPoCMWR5BEzIk/f1lZbAQM=
github.com/pmezard/go-difflib v1.0.0/go.mod h1:iKH77koFhYxTK1pcRnkKkqfTogsbg7gZNVY4sRDYZ/4=
github.com/power-devops/perfstat v0.0.0-20210106213030-5aafc221ea8c h1:ncq/mPwQF4JjgDlrVEn3C11VoGHZN7m8qihwgMEtzYw=
github.com/power-devops/perfstat v0.0.0-20210106213030-5aafc221ea8c/go.mod h1:OmDBASR4679mdNQnz2pUhc2G8CO2JrUAVFDRBDP/hJE=
github.com/rivo/uniseg v0.2.0/go.mod h1:J6wj4VEh+S6ZtnVlnTBMWIodfgj8LQOQFoIToxlJtxc=
github.com/rivo/uniseg v0.4.7 h1:WUdvkW8uEhrYfLC4ZzdpI2ztxP1I582+49Oc5Mq64VQ=
github.com/rivo/uniseg v0.4.7/go.mod h1:FN3SvrM+Zdj16jyLfmOkMNblXMcoc8DfTHruCPUcx88=
github.com/samber/lo v1.49.1 h1:4BIFyVfuQSEpluc7Fua+j1NolZHiEHEpaSEKdsH0tew=
github.com/samber/lo v1.49.1/go.mod h1:dO6KHFzUKXgP8LDhU0oI8d2hekjXnGOu0DB8Jecxd6o=
github.com/shirou/gopsutil/v3 v3.24.5 h1:i0t8kL+kQTvpAYToeuiVk3TgDeKOFioZO3Ztz/iZ9pI=
github.com/shirou/gopsutil/v3 v3.24.5/go.mod h1:bsoOS1aStSs9ErQ1WWfxllSeS1K5D+U30r2NfcubMVk=
github.com/smallnest/ringbuffer v0.0.0-20241116012123-461381446e3d h1:3VwvTjiRPA7cqtgOWddEL+JrcijMlXUmj99c/6YyZoY=
github.com/smallnest/ringbuffer v0.0.0-20241116012123-461381446e3d/go.mod h1:tAG61zBM1DYRaGIPloumExGvScf08oHuo0kFoOqdbT0=
github.com/stretchr/objx v0.1.0/go.mod h1:HFkY916IF+rwdDfMAkV7OtwuqBVzrE8GR6GFx+wExME=
github.com/stretchr/testify v1.3.0/go.mod h1:M5WIy9Dh21IEIfnGCwXGc5bZfKNJtfHm1UVUgZn+9EI=
github.com/stretchr/testify v1.11.1 h1:7s2iGBzp5EwR7/aIZr8ao5+dra3wiQyKjjFuvgVKu7U=
github.com/stretchr/testify v1.11.1/go.mod h1:wZwfW3scLgRK+23gO65QZefKpKQRnfz6sD981Nm4B6U=
github.com/tklauser/go-sysconf v0.3.12 h1:0QaGUFOdQaIVdPgfITYzaTegZvdCjmYO52cSFAEVmqU=
github.com/tklauser/go-sysconf v0.3.12/go.mod h1:Ho14jnntGE1fpdOqQEEaiKRpvIavV0hSfmBq8nJbHYI=
github.com/tklauser/numcpus v0.6.1 h1:ng9scYS7az0Bk4OZLvrNXNSAO2Pxr1XXRAPyjhIx+Fk=
github.com/tklauser/numcpus v0.6.1/go.mod h1:1XfjsgE2zo8GVw7POkMbHENHzVg3GzmoZ9fESEdAacY=
github.com/tkrajina/go-reflector v0.5.8 h1:yPADHrwmUbMq4RGEyaOUpz2H90sRsETNVpjzo3DLVQQ=
github.com/tkrajina/go-reflector v0.5.8/go.mod h1:ECbqLgccecY5kPmPmXg1MrHW585yMcDkVl6IvJe64T4=
github.com/valyala/bytebufferpool v1.0.0 h1:GqA5TC/0021Y/b9FG4Oi9Mr3q7XYx6KllzawFIhcdPw=
github.com/valyala/bytebufferpool v1.0.0/go.mod h1:6bBcMArwyJ5K/AmCkWv1jt77kVWyCJ6HpOuEn7z0Csc=
github.com/valyala/fasttemplate v1.2.2 h1:lxLXG0uE3Qnshl9QyaK6XJxMXlQZELvChBOCmQD0Loo=
github.com/valyala/fasttemplate v1.2.2/go.mod h1:KHLXt3tVN2HBp8eijSv/kGJopbvo7S+qRAEEKiv+SiQ=
github.com/wailsapp/go-webview2 v1.0.22 h1:YT61F5lj+GGaat5OB96Aa3b4QA+mybD0Ggq6NZijQ58=
github.com/wailsapp/go-webview2 v1.0.22/go.mod h1:qJmWAmAmaniuKGZPWwne+uor3AHMB5PFhqiK0Bbj8kc=
github.com/wailsapp/mimetype v1.4.1 h1:pQN9ycO7uo4vsUUuPeHEYoUkLVkaRntMnHJxVwYhwHs=
github.com/wailsapp/mimetype v1.4.1/go.mod h1:9aV5k31bBOv5z6u+QP8TltzvNGJPmNJD4XlAL3U+j3o=
github.com/wailsapp/wails/v2 v2.12.0 h1:BHO/kLNWFHYjCzucxbzAYZWUjub1Tvb4cSguQozHn5c=
github.com/wailsapp/wails/v2 v2.12.0/go.mod h1:mo1bzK1DEJrobt7YrBjgxvb5Sihb1mhAY09hppbibQg=
github.com/yusufpapurcu/wmi v1.2.4 h1:zFUKzehAFReQwLys1b/iSMl+JQGSCSjtVqQn9bBrPo0=
github.com/yusufpapurcu/wmi v1.2.4/go.mod h1:SBZ9tNy3G9/m5Oi98Zks0QjeHVDvuK0qfxQmPyzfmi0=
golang.org/x/crypto v0.33.0 h1:IOBPskki6Lysi0lo9qQvbxiQ+FvsCC/YWOecCHAixus=
golang.org/x/crypto v0.33.0/go.mod h1:bVdXmD7IV/4GdElGPozy6U7lWdRXA4qyRVGJV57uQ5M=
golang.org/x/exp v0.0.0-20241108190413-2d47ceb2692f h1:XdNn9LlyWAhLVp6P/i8QYBW+hlyhrhei9uErw2B5GJo=
golang.org/x/exp v0.0.0-20241108190413-2d47ceb2692f/go.mod h1:D5SMRVC3C2/4+F/DB1wZsLRnSNimn2Sp/NPsCrsv8ak=
golang.org/x/image v0.0.0-20191009234506-e7c1f5e7dbb8/go.mod h1:FeLwcggjj3mMvU+oOTbSwawSJRM1uh48EjtB4UJZlP0=
golang.org/x/image v0.14.0 h1:tNgSxAFe3jC4uYqvZdTr84SZoM1KfwdC9SKIFrLjFn4=
golang.org/x/image v0.14.0/go.mod h1:HUYqC05R2ZcZ3ejNQsIHQDQiwWM4JBqmm6MKANTp4LE=
golang.org/x/mod v0.23.0 h1:Zb7khfcRGKk+kqfxFaP5tZqCnDZMjC5VtUBs87Hr6QM=
golang.org/x/mod v0.23.0/go.mod h1:6SkKJ3Xj0I0BrPOZoBy3bdMptDDU9oJrpohJ3eWZ1fY=
golang.org/x/net v0.0.0-20210505024714-0287a6fb4125/go.mod h1:9nx3DQGgdP8bBQD5qxJ1jj9UTztislL4KSBs9R2vV5Y=
golang.org/x/net v0.35.0 h1:T5GQRQb2y08kTAByq9L4/bz8cipCdA8FbRTXewonqY8=
golang.org/x/net v0.35.0/go.mod h1:EglIi67kWsHKlRzzVMUD93VMSWGFOMSZgxFjparz1Qk=
golang.org/x/sync v0.13.0 h1:AauUjRAJ9OSnvULf/ARrrVywoJDy0YS2AwQ98I37610=
golang.org/x/sync v0.13.0/go.mod h1:1dzgHSNfp02xaA81J2MS99Qcpr2w7fw1gpm99rleRqA=
golang.org/x/sys v0.0.0-20190916202348-b4ddaad3f8a3/go.mod h1:h1NjWce9XRLGQEsW7wpKNCjG9DtNlClVuFLEZdDNbEs=
golang.org/x/sys v0.0.0-20200810151505-1b9f1253b3ed/go.mod h1:h1NjWce9XRLGQEsW7wpKNCjG9DtNlClVuFLEZdDNbEs=
golang.org/x/sys v0.0.0-20201119102817-f84b799fce68/go.mod h1:h1NjWce9XRLGQEsW7wpKNCjG9DtNlClVuFLEZdDNbEs=
golang.org/x/sys v0.0.0-20201204225414-ed752295db88/go.mod h1:h1NjWce9XRLGQEsW7wpKNCjG9DtNlClVuFLEZdDNbEs=
golang.org/x/sys v0.0.0-20210423082822-04245dca01da/go.mod h1:h1NjWce9XRLGQEsW7wpKNCjG9DtNlClVuFLEZdDNbEs=
golang.org/x/sys v0.0.0-20220811171246-fbc7d0a398ab/go.mod h1:oPkhp1MJrh7nUepCBck5+mAzfO9JrbApNNgaTdGDITg=
golang.org/x/sys v0.1.0/go.mod h1:oPkhp1MJrh7nUepCBck5+mAzfO9JrbApNNgaTdGDITg=
golang.org/x/sys v0.6.0/go.mod h1:oPkhp1MJrh7nUepCBck5+mAzfO9JrbApNNgaTdGDITg=
golang.org/x/sys v0.8.0/go.mod h1:oPkhp1MJrh7nUepCBck5+mAzfO9JrbApNNgaTdGDITg=
golang.org/x/sys v0.11.0/go.mod h1:oPkhp1MJrh7nUepCBck5+mAzfO9JrbApNNgaTdGDITg=
golang.org/x/sys v0.33.0 h1:q3i8TbbEz+JRD9ywIRlyRAQbM0qF7hu24q3teo2hbuw=
golang.org/x/sys v0.33.0/go.mod h1:BJP2sWEmIv4KK5OTEluFJCKSidICx8ciO85XgH3Ak8k=
golang.org/x/term v0.0.0-20201126162022-7de9c90e9dd1/go.mod h1:bj7SfCRtBDWHUb9snDiAeCFNEtKQo2Wmx5Cou7ajbmo=
golang.org/x/term v0.29.0 h1:L6pJp37ocefwRRtYPKSWOWzOtWSxVajvz2ldH/xi3iU=
golang.org/x/term v0.29.0/go.mod h1:6bl4lRlvVuDgSf3179VpIxBF0o10JUpXWOnI7nErv7s=
golang.org/x/text v0.3.0/go.mod h1:NqM8EUOU14njkJ3fqMW+pc6Ldnwhi/IjpwHt7yyuwOQ=
golang.org/x/text v0.3.6/go.mod h1:5Zoc/QRtKVWzQhOtBMvqHzDpF6irO9z98xDceosuGiQ=
golang.org/x/text v0.24.0 h1:dd5Bzh4yt5KYA8f9CJHCP4FB4D51c2c6JvN37xJJkJ0=
golang.org/x/text v0.24.0/go.mod h1:L8rBsPeo2pSS+xqN0d5u2ikmjtmoJbDBT1b7nHvFCdU=
golang.org/x/tools v0.0.0-20180917221912-90fa682c2a6e/go.mod h1:n7NCudcB/nEzxVGmLbDWY5pfWTLqBcC2KZ6jyYvM4mQ=
golang.org/x/tools v0.30.0 h1:BgcpHewrV5AUp2G9MebG4XPFI1E2W41zU1SaqVA9vJY=
golang.org/x/tools v0.30.0/go.mod h1:c347cR/OJfw5TI+GfX7RUPNMdDRRbjvYTS0jPyvsVtY=
golang.org/x/xerrors v0.0.0-20191204190536-9bdfabe68543/go.mod h1:I/5z698sn9Ka8TeJc9MKroUUfqBBauWjQqLJ2OPfmY0=
gonum.org/v1/gonum v0.15.1 h1:FNy7N6OUZVUaWG9pTiD+jlhdQ3lMP+/LcTpJ6+a8sQ0=
gonum.org/v1/gonum v0.15.1/go.mod h1:eZTZuRFrzu5pcyjN5wJhcIhnUdNijYxX1T2IcrOGY0o=
gopkg.in/yaml.v3 v3.0.1 h1:fxVm/GzAzEWqLHuvctI91KS9hhNmmWOoWu0XTYJS7CA=
gopkg.in/yaml.v3 v3.0.1/go.mod h1:K4uyk7z7BCEPqu6E+C64Yfv1cQ7kz7rIZviUmN+EgEM=
